{
    "requires": true,
    "lockfileVersion": 1,
    "dependencies": {
        "bootstrap": {
            "version": "4.1.1",
            "resolved": "http://registry.npm.taobao.org/bootstrap/download/bootstrap-4.1.1.tgz",
            "integrity": "sha1-OuyFAA+mGQhdqNLkmD39Z88hFMs=",
            "dev": true
        }
    }
}
